
Microsoft Visual Studio Solution File, Format Version 12.00
# Visual Studio 14
VisualStudioVersion = 14.0.24720.0
MinimumVisualStudioVersion = 10.0.40219.1
Project("{FAE04EC0-301F-11D3-BF4B-00C04F79EFBC}") = "PreztelJava", "PreztelJava\PreztelJava.csproj", "{374AF883-987C-43D0-A00C-29619AAF1180}"
EndProject
Project("{2150E333-8FDC-42A3-9474-1A3956D46DE8}") = "Solution Items", "Solution Items", "{5F022599-6908-4871-9959-FB1BD2256854}"
	ProjectSection(SolutionItems) = preProject
		index.html = index.html
		JavaScriptStuff.js = JavaScriptStuff.js
	EndProjectSection
EndProject
Global
	GlobalSection(SolutionConfigurationPlatforms) = preSolution
		Debug|Any CPU = Debug|Any CPU
		Release|Any CPU = Release|Any CPU
	EndGlobalSection
	GlobalSection(ProjectConfigurationPlatforms) = postSolution
		{374AF883-987C-43D0-A00C-29619AAF1180}.Debug|Any CPU.ActiveCfg = Debug|Any CPU
		{374AF883-987C-43D0-A00C-29619AAF1180}.Debug|Any CPU.Build.0 = Debug|Any CPU
		{374AF883-987C-43D0-A00C-29619AAF1180}.Release|Any CPU.ActiveCfg = Release|Any CPU
		{374AF883-987C-43D0-A00C-29619AAF1180}.Release|Any CPU.Build.0 = Release|Any CPU
	EndGlobalSection
	GlobalSection(SolutionProperties) = preSolution
		HideSolutionNode = FALSE
	EndGlobalSection
EndGlobal
